schema: '2.0'
stages:
  version_raw:
    cmd: python -m weather_mlops.data.versioning
    deps:
    - path: data/raw/weatherAUS_current.csv
      hash: md5
      md5: 6dda831b22f71e08f8f3beb29c8deb43
      size: 15606731
    - path: src/weather_mlops/config/settings.py
      hash: md5
      md5: c6015e26a8c4a8093c125833b7d00d57
      size: 2490
    - path: src/weather_mlops/data/versioning.py
      hash: md5
      md5: 68ff82726395e266d62baac6ab7a4afd
      size: 2346
    outs:
    - path: data/metadata/weatherAUS.json
      hash: md5
      md5: 99b18219f68ecf520a15ff098f9f32ed
      size: 253
  preprocess:
    cmd: python -m weather_mlops.data.preprocess -t 0.7 -v 0.15
    deps:
    - path: data/raw/weatherAUS_current.csv
      hash: md5
      md5: 6dda831b22f71e08f8f3beb29c8deb43
      size: 15606731
    - path: src/weather_mlops/config/settings.py
      hash: md5
      md5: c6015e26a8c4a8093c125833b7d00d57
      size: 2490
    - path: src/weather_mlops/data/preprocess.py
      hash: md5
      md5: 3f0773160f690b7b34343053ba01f263
      size: 5147
    params:
      params.yaml:
        data.train_fraction: 0.7
        data.validation_fraction: 0.15
    outs:
    - path: data/processed/X_test.csv
      hash: md5
      md5: 2d09a23f820174fb8c33b2822efd8b8d
      size: 1941610
    - path: data/processed/X_train.csv
      hash: md5
      md5: 07eaeb663acc4b9c31e70297306551c1
      size: 9372077
    - path: data/processed/X_validation.csv
      hash: md5
      md5: 72445beac1ae914129c10e6fc017a636
      size: 1980874
    - path: data/processed/y_test.csv
      hash: md5
      md5: d5e931777dd2446343f6b941c83ed385
      size: 42687
    - path: data/processed/y_train.csv
      hash: md5
      md5: db7c356ce39f85836f27bf6c664f1332
      size: 199151
    - path: data/processed/y_validation.csv
      hash: md5
      md5: 120757936f87f9898f399195f8335908
      size: 42685
  train:
    cmd: python -m weather_mlops.models.training --x-train 
      data/processed/X_train.csv --y-train data/processed/y_train.csv 
      --model-output models/rain_classifier.joblib --metrics-output 
      reports/metrics/train.json --n-estimators 250 --max-depth 4 
      --learning-rate 0.05 --subsample 0.9 --colsample-bytree 0.9
    deps:
    - path: data/processed/X_train.csv
      hash: md5
      md5: 07eaeb663acc4b9c31e70297306551c1
      size: 9372077
    - path: data/processed/y_train.csv
      hash: md5
      md5: db7c356ce39f85836f27bf6c664f1332
      size: 199151
    - path: src/weather_mlops/config/settings.py
      hash: md5
      md5: c6015e26a8c4a8093c125833b7d00d57
      size: 2490
    - path: src/weather_mlops/data/preprocess.py
      hash: md5
      md5: 3f0773160f690b7b34343053ba01f263
      size: 5147
    - path: src/weather_mlops/models/evaluation.py
      hash: md5
      md5: a88cb0ff41dfc8a4429f5094c16d73a2
      size: 2570
    - path: src/weather_mlops/models/training.py
      hash: md5
      md5: 7d68d5459f6afb73f12a4f896ad2633d
      size: 4114
    params:
      params.yaml:
        model:
          n_estimators: 250
          max_depth: 4
          learning_rate: 0.05
          subsample: 0.9
          colsample_bytree: 0.9
    outs:
    - path: models/rain_classifier.joblib
      hash: md5
      md5: cf3e8feda930675e5a127bb104915e17
      size: 441128
    - path: reports/metrics/train.json
      hash: md5
      md5: e68764abe21b1f5352dc1ccfb7c1232c
      size: 259
  evaluate:
    cmd: python -m weather_mlops.models.evaluation --x-data 
      data/processed/X_test.csv --y-data data/processed/y_test.csv --model-path 
      models/rain_classifier.joblib --metrics-output 
      reports/metrics/evaluation.json --split-name test
    deps:
    - path: data/processed/X_test.csv
      hash: md5
      md5: 2d09a23f820174fb8c33b2822efd8b8d
      size: 1941610
    - path: data/processed/y_test.csv
      hash: md5
      md5: d5e931777dd2446343f6b941c83ed385
      size: 42687
    - path: models/rain_classifier.joblib
      hash: md5
      md5: cf3e8feda930675e5a127bb104915e17
      size: 441128
    - path: src/weather_mlops/config/settings.py
      hash: md5
      md5: c6015e26a8c4a8093c125833b7d00d57
      size: 2490
    - path: src/weather_mlops/models/evaluation.py
      hash: md5
      md5: a88cb0ff41dfc8a4429f5094c16d73a2
      size: 2570
    outs:
    - path: reports/metrics/evaluation.json
      hash: md5
      md5: 4bac9a504ecfe6d3b6e5c3572998b5ad
      size: 211
  predict_sample:
    cmd: python -m weather_mlops.models.predict --input-json 
      sample_prediction.json --output data/predictions/sample_prediction.json
    deps:
    - path: models/rain_classifier.joblib
      hash: md5
      md5: cf3e8feda930675e5a127bb104915e17
      size: 441128
    - path: sample_prediction.json
      hash: md5
      md5: 1a79f05c00cee13a61b0227450fd6d40
      size: 455
    - path: src/weather_mlops/config/settings.py
      hash: md5
      md5: c6015e26a8c4a8093c125833b7d00d57
      size: 2490
    - path: src/weather_mlops/models/predict.py
      hash: md5
      md5: e2e73ba3f319206bb9281ec2f12f764e
      size: 1874
    outs:
    - path: data/predictions/sample_prediction.json
      hash: md5
      md5: a3dc10125e9ef538ec7a13d2f2d3d11d
      size: 65
  validate:
    cmd: python -m weather_mlops.models.evaluation --x-data 
      data/processed/X_validation.csv --y-data data/processed/y_validation.csv 
      --model-path models/rain_classifier.joblib --metrics-output 
      reports/metrics/validation.json --split-name validation
    deps:
    - path: data/processed/X_validation.csv
      hash: md5
      md5: 72445beac1ae914129c10e6fc017a636
      size: 1980874
    - path: data/processed/y_validation.csv
      hash: md5
      md5: 120757936f87f9898f399195f8335908
      size: 42685
    - path: models/rain_classifier.joblib
      hash: md5
      md5: cf3e8feda930675e5a127bb104915e17
      size: 441128
    - path: src/weather_mlops/config/settings.py
      hash: md5
      md5: c6015e26a8c4a8093c125833b7d00d57
      size: 2490
    - path: src/weather_mlops/models/evaluation.py
      hash: md5
      md5: a88cb0ff41dfc8a4429f5094c16d73a2
      size: 2570
    outs:
    - path: reports/metrics/validation.json
      hash: md5
      md5: adc79fa79af76f0a26dd013019356a41
      size: 248
  merge_raw:
    cmd: python -m weather_mlops.data.merge_raw
    deps:
    - path: data/raw/incremental
      hash: md5
      md5: 7cd716c02a76e3dc0ff6d604f2d62cd5.dir
      size: 436678
      nfiles: 3
    - path: data/raw/weatherAUS.csv
      hash: md5
      md5: a65cf8b8719b1a65db4f361eeec18457
      size: 14094055
    - path: src/weather_mlops/config/settings.py
      hash: md5
      md5: c6015e26a8c4a8093c125833b7d00d57
      size: 2490
    - path: src/weather_mlops/data/merge_raw.py
      hash: md5
      md5: 5b6b93b6f4db9c2862ff4f4f447e9891
      size: 2609
    - path: src/weather_mlops/data/weatheraus_schema.py
      hash: md5
      md5: 934bbc5015fe3a6957121707234b6f09
      size: 425
    outs:
    - path: data/raw/weatherAUS_current.csv
      hash: md5
      md5: 6dda831b22f71e08f8f3beb29c8deb43
      size: 15606731
