schema: '2.0'
stages:
  version_raw:
    cmd: python -m weather_mlops.data.versioning
    deps:
    - path: data/raw/weatherAUS_current.csv
      hash: md5
      md5: 5c2487ffc779e409dffd9e472268f1fb
      size: 15618117
    - path: src/weather_mlops/config/settings.py
      hash: md5
      md5: 363c1b853619619ab0a7a6d3d6fa3592
      size: 2986
    - path: src/weather_mlops/data/versioning.py
      hash: md5
      md5: cec44d4dd842b6d2af09cee4adc4701e
      size: 3040
    outs:
    - path: data/metadata/weatherAUS.json
      hash: md5
      md5: f3be3090384188a0955c4e8a023f42f4
      size: 432
  preprocess:
    cmd: python -m weather_mlops.data.preprocess -t 0.7 -v 0.15
    deps:
    - path: data/raw/weatherAUS_current.csv
      hash: md5
      md5: 5c2487ffc779e409dffd9e472268f1fb
      size: 15618117
    - path: src/weather_mlops/config/settings.py
      hash: md5
      md5: 363c1b853619619ab0a7a6d3d6fa3592
      size: 2986
    - path: src/weather_mlops/data/catalog.py
      hash: md5
      md5: ff0b4e47aaf757b31cae1b68f14c5b6c
      size: 2510
    - path: src/weather_mlops/data/manifest.py
      hash: md5
      md5: 44e10b90bda4944a6339c0812e586e8d
      size: 3223
    - path: src/weather_mlops/data/preprocess.py
      hash: md5
      md5: 79ed31d1f413256280b8cf6842ec9dbe
      size: 6434
    - path: src/weather_mlops/data/versioning.py
      hash: md5
      md5: cec44d4dd842b6d2af09cee4adc4701e
      size: 3040
    params:
      params.yaml:
        data.train_fraction: 0.7
        data.validation_fraction: 0.15
    outs:
    - path: data/processed/X_test.csv
      hash: md5
      md5: 6381423b5cb8dd4e381b2eb0d5ea8de8
      size: 2265860
    - path: data/processed/X_train.csv
      hash: md5
      md5: 15eeced42e4db5585c424ede8e40d649
      size: 8775246
    - path: data/processed/X_validation.csv
      hash: md5
      md5: 253ee91f8631590dfbaff18d78813bd4
      size: 2263464
    - path: data/processed/manifest.json
      hash: md5
      md5: f1d6386ce0ed7ca85f5b38cc8d64fe06
      size: 1592
    - path: data/processed/y_test.csv
      hash: md5
      md5: b706a9b60f3f1f48685a35a49e4d08db
      size: 49639
    - path: data/processed/y_train.csv
      hash: md5
      md5: 856d6d14484a6447fc3a529e443adb6d
      size: 186361
    - path: data/processed/y_validation.csv
      hash: md5
      md5: 79d6d0d8dfeb36d199fb6ac32a6f026b
      size: 48719
  evaluate:
    cmd: python -m weather_mlops.models.evaluation --x-data 
      data/processed/X_test.csv --y-data data/processed/y_test.csv --model-path 
      models/rain_classifier.joblib --metrics-output 
      reports/metrics/evaluation.json --split-name test
    deps:
    - path: data/processed/X_test.csv
      hash: md5
      md5: 6381423b5cb8dd4e381b2eb0d5ea8de8
      size: 2265860
    - path: data/processed/y_test.csv
      hash: md5
      md5: b706a9b60f3f1f48685a35a49e4d08db
      size: 49639
    - path: models/rain_classifier.joblib
      hash: md5
      md5: 6d6f5418c4b74f4c6214b923f60658c3
      size: 440992
    - path: src/weather_mlops/config/settings.py
      hash: md5
      md5: 363c1b853619619ab0a7a6d3d6fa3592
      size: 2986
    - path: src/weather_mlops/models/evaluation.py
      hash: md5
      md5: a88cb0ff41dfc8a4429f5094c16d73a2
      size: 2570
    outs:
    - path: reports/metrics/evaluation.json
      hash: md5
      md5: f4bc2e082a5c504e09498a7344638ed2
      size: 210
  predict_sample:
    cmd: python -m weather_mlops.models.predict --input-json 
      sample_prediction.json --output data/predictions/sample_prediction.json
    deps:
    - path: models/rain_classifier.joblib
      hash: md5
      md5: 6d6f5418c4b74f4c6214b923f60658c3
      size: 440992
    - path: sample_prediction.json
      hash: md5
      md5: 1a79f05c00cee13a61b0227450fd6d40
      size: 455
    - path: src/weather_mlops/config/settings.py
      hash: md5
      md5: 363c1b853619619ab0a7a6d3d6fa3592
      size: 2986
    - path: src/weather_mlops/models/predict.py
      hash: md5
      md5: e2e73ba3f319206bb9281ec2f12f764e
      size: 1874
    outs:
    - path: data/predictions/sample_prediction.json
      hash: md5
      md5: a3dc10125e9ef538ec7a13d2f2d3d11d
      size: 65
  validate:
    cmd: python -m weather_mlops.models.evaluation --x-data 
      data/processed/X_validation.csv --y-data data/processed/y_validation.csv 
      --model-path models/rain_classifier.joblib --metrics-output 
      reports/metrics/validation.json --split-name validation
    deps:
    - path: data/processed/X_validation.csv
      hash: md5
      md5: 253ee91f8631590dfbaff18d78813bd4
      size: 2263464
    - path: data/processed/y_validation.csv
      hash: md5
      md5: 79d6d0d8dfeb36d199fb6ac32a6f026b
      size: 48719
    - path: models/rain_classifier.joblib
      hash: md5
      md5: 6d6f5418c4b74f4c6214b923f60658c3
      size: 440992
    - path: src/weather_mlops/config/settings.py
      hash: md5
      md5: 363c1b853619619ab0a7a6d3d6fa3592
      size: 2986
    - path: src/weather_mlops/models/evaluation.py
      hash: md5
      md5: a88cb0ff41dfc8a4429f5094c16d73a2
      size: 2570
    outs:
    - path: reports/metrics/validation.json
      hash: md5
      md5: e7b4f3c9ab627335211481776059c90f
      size: 248
  merge_raw:
    cmd: python -m weather_mlops.data.merge_raw
    deps:
    - path: data/raw/incremental
      hash: md5
      md5: 85ccbe7b4dfdfa3f5c9052bdb16a1d99.dir
      size: 1309030
      nfiles: 7
    - path: data/raw/weatherAUS.csv
      hash: md5
      md5: a65cf8b8719b1a65db4f361eeec18457
      size: 14094055
    - path: src/weather_mlops/config/settings.py
      hash: md5
      md5: 363c1b853619619ab0a7a6d3d6fa3592
      size: 2986
    - path: src/weather_mlops/data/merge_raw.py
      hash: md5
      md5: 5b6b93b6f4db9c2862ff4f4f447e9891
      size: 2609
    - path: src/weather_mlops/data/weatheraus_schema.py
      hash: md5
      md5: 934bbc5015fe3a6957121707234b6f09
      size: 425
    outs:
    - path: data/raw/weatherAUS_current.csv
      hash: md5
      md5: 5c2487ffc779e409dffd9e472268f1fb
      size: 15618117
